// !$*UTF8*$!
{
	archiveVersion = 1;
	classes = {
	};
	objectVersion = 46;
	objects = {

/* Begin PBXBuildFile section */
		506E02FCF30F0DE1E61C282C /* Pods_ecUITests.framework in Frameworks */ = {isa = PBXBuildFile; fileRef = 8F6728A958C02A7AC8BD4B18 /* Pods_ecUITests.framework */; };
		690FD13E1D4CD8EE000D58AF /* ExternalCommandView.storyboard in Resources */ = {isa = PBXBuildFile; fileRef = 690FD13D1D4CD8EE000D58AF /* ExternalCommandView.storyboard */; };
		690FD1401D4CD9E8000D58AF /* ExternalCommandViewController.swift in Sources */ = {isa = PBXBuildFile; fileRef = 690FD13F1D4CD9E8000D58AF /* ExternalCommandViewController.swift */; };
		691064681D44DDB9002DCFB3 /* PreferenceWindowController.swift in Sources */ = {isa = PBXBuildFile; fileRef = 691064671D44DDB9002DCFB3 /* PreferenceWindowController.swift */; };
		695419801D30BA360099C34D /* Tagger.swift in Sources */ = {isa = PBXBuildFile; fileRef = 6954197F1D30BA360099C34D /* Tagger.swift */; };
		69561D191D371B7D0092A5C7 /* CmdEditor.storyboard in Resources */ = {isa = PBXBuildFile; fileRef = 69561D181D371B7D0092A5C7 /* CmdEditor.storyboard */; };
		69561D1C1D371D0C0092A5C7 /* CmdEditorWindow.swift in Sources */ = {isa = PBXBuildFile; fileRef = 69561D1B1D371D0C0092A5C7 /* CmdEditorWindow.swift */; };
		69561D1E1D371D150092A5C7 /* CmdEditorViewController.swift in Sources */ = {isa = PBXBuildFile; fileRef = 69561D1D1D371D150092A5C7 /* CmdEditorViewController.swift */; };
		699A033F1D2234CC005A9FE7 /* AppDelegate.swift in Sources */ = {isa = PBXBuildFile; fileRef = 699A033E1D2234CC005A9FE7 /* AppDelegate.swift */; };
		699A03411D2234CC005A9FE7 /* ViewController.swift in Sources */ = {isa = PBXBuildFile; fileRef = 699A03401D2234CC005A9FE7 /* ViewController.swift */; };
		699A03431D2234CC005A9FE7 /* Assets.xcassets in Resources */ = {isa = PBXBuildFile; fileRef = 699A03421D2234CC005A9FE7 /* Assets.xcassets */; };
		699A03461D2234CC005A9FE7 /* Main.storyboard in Resources */ = {isa = PBXBuildFile; fileRef = 699A03441D2234CC005A9FE7 /* Main.storyboard */; };
		699A03511D2234CC005A9FE7 /* ecTests.swift in Sources */ = {isa = PBXBuildFile; fileRef = 699A03501D2234CC005A9FE7 /* ecTests.swift */; };
		699A035C1D2234CC005A9FE7 /* ecUITests.swift in Sources */ = {isa = PBXBuildFile; fileRef = 699A035B1D2234CC005A9FE7 /* ecUITests.swift */; };
		699A036A1D23FC84005A9FE7 /* CmdPalett.swift in Sources */ = {isa = PBXBuildFile; fileRef = 699A03691D23FC84005A9FE7 /* CmdPalett.swift */; };
		699A036C1D240521005A9FE7 /* CmdPalettCellView.swift in Sources */ = {isa = PBXBuildFile; fileRef = 699A036B1D240521005A9FE7 /* CmdPalettCellView.swift */; };
		699A03701D24C943005A9FE7 /* ECDocument.swift in Sources */ = {isa = PBXBuildFile; fileRef = 699A036F1D24C943005A9FE7 /* ECDocument.swift */; };
		699A03AB1D250D71005A9FE7 /* Cmd.swift in Sources */ = {isa = PBXBuildFile; fileRef = 699A03AA1D250D71005A9FE7 /* Cmd.swift */; };
		699E96661D4DEE31004023C1 /* NSURLExtension.swift in Sources */ = {isa = PBXBuildFile; fileRef = 699E96651D4DEE31004023C1 /* NSURLExtension.swift */; };
		699E96681D4E05CD004023C1 /* NSDocumentExtension.swift in Sources */ = {isa = PBXBuildFile; fileRef = 699E96671D4E05CD004023C1 /* NSDocumentExtension.swift */; };
		69C71EBB1D289A260023A48E /* CmdPalettView.swift in Sources */ = {isa = PBXBuildFile; fileRef = 69C71EBA1D289A260023A48E /* CmdPalettView.swift */; };
		69C71EBD1D28AB1B0023A48E /* ECSplitView.swift in Sources */ = {isa = PBXBuildFile; fileRef = 69C71EBC1D28AB1B0023A48E /* ECSplitView.swift */; };
		69C71EC31D2A63C00023A48E /* Preference.storyboard in Resources */ = {isa = PBXBuildFile; fileRef = 69C71EC21D2A63C00023A48E /* Preference.storyboard */; };
		69C71EC91D2A69BF0023A48E /* PreferenceWindow.swift in Sources */ = {isa = PBXBuildFile; fileRef = 69C71EC81D2A69BF0023A48E /* PreferenceWindow.swift */; };
		69C71ECB1D2A6C4B0023A48E /* PreferenceViewController.swift in Sources */ = {isa = PBXBuildFile; fileRef = 69C71ECA1D2A6C4B0023A48E /* PreferenceViewController.swift */; };
		69C71ECD1D2AB9980023A48E /* Preference.swift in Sources */ = {isa = PBXBuildFile; fileRef = 69C71ECC1D2AB9980023A48E /* Preference.swift */; };
		69C71ED81D2CA34B0023A48E /* ECTextView.swift in Sources */ = {isa = PBXBuildFile; fileRef = 69C71ED71D2CA34B0023A48E /* ECTextView.swift */; };
		69D0B6EB1D256AE7003C04DD /* CmdParser.swift in Sources */ = {isa = PBXBuildFile; fileRef = 69D0B6EA1D256AE7003C04DD /* CmdParser.swift */; };
		69D0B6ED1D268520003C04DD /* CmdEvaluator.swift in Sources */ = {isa = PBXBuildFile; fileRef = 69D0B6EC1D268520003C04DD /* CmdEvaluator.swift */; };
		69D0B6EF1D269BAC003C04DD /* StringExtension.swift in Sources */ = {isa = PBXBuildFile; fileRef = 69D0B6EE1D269BAC003C04DD /* StringExtension.swift */; };
		69E58FCA1D2D1F6400D8220F /* ec.sdef in Resources */ = {isa = PBXBuildFile; fileRef = 69E58FC91D2D1F6300D8220F /* ec.sdef */; };
		69E58FCC1D2D229B00D8220F /* ECError.swift in Sources */ = {isa = PBXBuildFile; fileRef = 69E58FCB1D2D229B00D8220F /* ECError.swift */; };
		69E58FCE1D2EAA5900D8220F /* LineNumberRulerView.swift in Sources */ = {isa = PBXBuildFile; fileRef = 69E58FCD1D2EAA5900D8220F /* LineNumberRulerView.swift */; };
		69E58FD01D2EAA7E00D8220F /* CodeTextView.swift in Sources */ = {isa = PBXBuildFile; fileRef = 69E58FCF1D2EAA7E00D8220F /* CodeTextView.swift */; };
		69EA84FA1D38FAA5004DEA38 /* Util.swift in Sources */ = {isa = PBXBuildFile; fileRef = 69EA84F91D38FAA5004DEA38 /* Util.swift */; };
		BB34E952C35D417988610B2C /* Pods_ecTests.framework in Frameworks */ = {isa = PBXBuildFile; fileRef = BA36322443EB103FA0716171 /* Pods_ecTests.framework */; };
		DF58C08244455014A4EEFC87 /* Pods_ec.framework in Frameworks */ = {isa = PBXBuildFile; fileRef = 1ACC91E1C187EB566EDD48DE /* Pods_ec.framework */; };
/* End PBXBuildFile section */

/* Begin PBXContainerItemProxy section */
		699A034D1D2234CC005A9FE7 /* PBXContainerItemProxy */ = {
			isa = PBXContainerItemProxy;
			containerPortal = 699A03331D2234CC005A9FE7 /* Project object */;
			proxyType = 1;
			remoteGlobalIDString = 699A033A1D2234CC005A9FE7;
			remoteInfo = ec;
		};
		699A03581D2234CC005A9FE7 /* PBXContainerItemProxy */ = {
			isa = PBXContainerItemProxy;
			containerPortal = 699A03331D2234CC005A9FE7 /* Project object */;
			proxyType = 1;
			remoteGlobalIDString = 699A033A1D2234CC005A9FE7;
			remoteInfo = ec;
		};
/* End PBXContainerItemProxy section */

/* Begin PBXFileReference section */
		1780758AB037EDFFF6B2C76E /* Pods-ec.release.xcconfig */ = {isa = PBXFileReference; includeInIndex = 1; lastKnownFileType = text.xcconfig; name = "Pods-ec.release.xcconfig"; path = "Pods/Target Support Files/Pods-ec/Pods-ec.release.xcconfig"; sourceTree = "<group>"; };
		1A56B47DB41356C706C02CAF /* Pods-ecUITests.release.xcconfig */ = {isa = PBXFileReference; includeInIndex = 1; lastKnownFileType = text.xcconfig; name = "Pods-ecUITests.release.xcconfig"; path = "Pods/Target Support Files/Pods-ecUITests/Pods-ecUITests.release.xcconfig"; sourceTree = "<group>"; };
		1ACC91E1C187EB566EDD48DE /* Pods_ec.framework */ = {isa = PBXFileReference; explicitFileType = wrapper.framework; includeInIndex = 0; path = Pods_ec.framework; sourceTree = BUILT_PRODUCTS_DIR; };
		690FD13D1D4CD8EE000D58AF /* ExternalCommandView.storyboard */ = {isa = PBXFileReference; fileEncoding = 4; lastKnownFileType = file.storyboard; path = ExternalCommandView.storyboard; sourceTree = "<group>"; };
		690FD13F1D4CD9E8000D58AF /* ExternalCommandViewController.swift */ = {isa = PBXFileReference; fileEncoding = 4; lastKnownFileType = sourcecode.swift; path = ExternalCommandViewController.swift; sourceTree = "<group>"; };
		691064671D44DDB9002DCFB3 /* PreferenceWindowController.swift */ = {isa = PBXFileReference; fileEncoding = 4; lastKnownFileType = sourcecode.swift; path = PreferenceWindowController.swift; sourceTree = "<group>"; };
		6954197F1D30BA360099C34D /* Tagger.swift */ = {isa = PBXFileReference; fileEncoding = 4; lastKnownFileType = sourcecode.swift; path = Tagger.swift; sourceTree = "<group>"; };
		69561D181D371B7D0092A5C7 /* CmdEditor.storyboard */ = {isa = PBXFileReference; fileEncoding = 4; lastKnownFileType = file.storyboard; path = CmdEditor.storyboard; sourceTree = "<group>"; };
		69561D1B1D371D0C0092A5C7 /* CmdEditorWindow.swift */ = {isa = PBXFileReference; fileEncoding = 4; lastKnownFileType = sourcecode.swift; path = CmdEditorWindow.swift; sourceTree = "<group>"; };
		69561D1D1D371D150092A5C7 /* CmdEditorViewController.swift */ = {isa = PBXFileReference; fileEncoding = 4; lastKnownFileType = sourcecode.swift; path = CmdEditorViewController.swift; sourceTree = "<group>"; };
		699A033B1D2234CC005A9FE7 /* ec.app */ = {isa = PBXFileReference; explicitFileType = wrapper.application; includeInIndex = 0; path = ec.app; sourceTree = BUILT_PRODUCTS_DIR; };
		699A033E1D2234CC005A9FE7 /* AppDelegate.swift */ = {isa = PBXFileReference; lastKnownFileType = sourcecode.swift; path = AppDelegate.swift; sourceTree = "<group>"; };
		699A03401D2234CC005A9FE7 /* ViewController.swift */ = {isa = PBXFileReference; lastKnownFileType = sourcecode.swift; path = ViewController.swift; sourceTree = "<group>"; };
		699A03421D2234CC005A9FE7 /* Assets.xcassets */ = {isa = PBXFileReference; lastKnownFileType = folder.assetcatalog; path = Assets.xcassets; sourceTree = "<group>"; };
		699A03451D2234CC005A9FE7 /* Base */ = {isa = PBXFileReference; lastKnownFileType = file.storyboard; name = Base; path = Base.lproj/Main.storyboard; sourceTree = "<group>"; };
		699A03471D2234CC005A9FE7 /* Info.plist */ = {isa = PBXFileReference; lastKnownFileType = text.plist.xml; path = Info.plist; sourceTree = "<group>"; };
		699A034C1D2234CC005A9FE7 /* ecTests.xctest */ = {isa = PBXFileReference; explicitFileType = wrapper.cfbundle; includeInIndex = 0; path = ecTests.xctest; sourceTree = BUILT_PRODUCTS_DIR; };
		699A03501D2234CC005A9FE7 /* ecTests.swift */ = {isa = PBXFileReference; lastKnownFileType = sourcecode.swift; path = ecTests.swift; sourceTree = "<group>"; };
		699A03521D2234CC005A9FE7 /* Info.plist */ = {isa = PBXFileReference; lastKnownFileType = text.plist.xml; path = Info.plist; sourceTree = "<group>"; };
		699A03571D2234CC005A9FE7 /* ecUITests.xctest */ = {isa = PBXFileReference; explicitFileType = wrapper.cfbundle; includeInIndex = 0; path = ecUITests.xctest; sourceTree = BUILT_PRODUCTS_DIR; };
		699A035B1D2234CC005A9FE7 /* ecUITests.swift */ = {isa = PBXFileReference; lastKnownFileType = sourcecode.swift; path = ecUITests.swift; sourceTree = "<group>"; };
		699A035D1D2234CC005A9FE7 /* Info.plist */ = {isa = PBXFileReference; lastKnownFileType = text.plist.xml; path = Info.plist; sourceTree = "<group>"; };
		699A03691D23FC84005A9FE7 /* CmdPalett.swift */ = {isa = PBXFileReference; fileEncoding = 4; lastKnownFileType = sourcecode.swift; path = CmdPalett.swift; sourceTree = "<group>"; };
		699A036B1D240521005A9FE7 /* CmdPalettCellView.swift */ = {isa = PBXFileReference; fileEncoding = 4; lastKnownFileType = sourcecode.swift; path = CmdPalettCellView.swift; sourceTree = "<group>"; };
		699A036F1D24C943005A9FE7 /* ECDocument.swift */ = {isa = PBXFileReference; fileEncoding = 4; lastKnownFileType = sourcecode.swift; path = ECDocument.swift; sourceTree = "<group>"; };
		699A03AA1D250D71005A9FE7 /* Cmd.swift */ = {isa = PBXFileReference; fileEncoding = 4; lastKnownFileType = sourcecode.swift; path = Cmd.swift; sourceTree = "<group>"; };
		699E96651D4DEE31004023C1 /* NSURLExtension.swift */ = {isa = PBXFileReference; fileEncoding = 4; lastKnownFileType = sourcecode.swift; path = NSURLExtension.swift; sourceTree = "<group>"; };
		699E96671D4E05CD004023C1 /* NSDocumentExtension.swift */ = {isa = PBXFileReference; fileEncoding = 4; lastKnownFileType = sourcecode.swift; path = NSDocumentExtension.swift; sourceTree = "<group>"; };
		69C71EBA1D289A260023A48E /* CmdPalettView.swift */ = {isa = PBXFileReference; fileEncoding = 4; lastKnownFileType = sourcecode.swift; path = CmdPalettView.swift; sourceTree = "<group>"; };
		69C71EBC1D28AB1B0023A48E /* ECSplitView.swift */ = {isa = PBXFileReference; fileEncoding = 4; lastKnownFileType = sourcecode.swift; name = ECSplitView.swift; path = ../ECSplitView.swift; sourceTree = "<group>"; };
		69C71EC21D2A63C00023A48E /* Preference.storyboard */ = {isa = PBXFileReference; fileEncoding = 4; lastKnownFileType = file.storyboard; path = Preference.storyboard; sourceTree = "<group>"; };
		69C71EC81D2A69BF0023A48E /* PreferenceWindow.swift */ = {isa = PBXFileReference; fileEncoding = 4; lastKnownFileType = sourcecode.swift; path = PreferenceWindow.swift; sourceTree = "<group>"; };
		69C71ECA1D2A6C4B0023A48E /* PreferenceViewController.swift */ = {isa = PBXFileReference; fileEncoding = 4; lastKnownFileType = sourcecode.swift; path = PreferenceViewController.swift; sourceTree = "<group>"; };
		69C71ECC1D2AB9980023A48E /* Preference.swift */ = {isa = PBXFileReference; fileEncoding = 4; lastKnownFileType = sourcecode.swift; path = Preference.swift; sourceTree = "<group>"; };
		69C71ED71D2CA34B0023A48E /* ECTextView.swift */ = {isa = PBXFileReference; fileEncoding = 4; lastKnownFileType = sourcecode.swift; path = ECTextView.swift; sourceTree = "<group>"; };
		69D0B6EA1D256AE7003C04DD /* CmdParser.swift */ = {isa = PBXFileReference; fileEncoding = 4; lastKnownFileType = sourcecode.swift; path = CmdParser.swift; sourceTree = "<group>"; };
		69D0B6EC1D268520003C04DD /* CmdEvaluator.swift */ = {isa = PBXFileReference; fileEncoding = 4; lastKnownFileType = sourcecode.swift; path = CmdEvaluator.swift; sourceTree = "<group>"; };
		69D0B6EE1D269BAC003C04DD /* StringExtension.swift */ = {isa = PBXFileReference; fileEncoding = 4; lastKnownFileType = sourcecode.swift; path = StringExtension.swift; sourceTree = "<group>"; };
		69E58FC91D2D1F6300D8220F /* ec.sdef */ = {isa = PBXFileReference; fileEncoding = 4; lastKnownFileType = text.xml; path = ec.sdef; sourceTree = "<group>"; };
		69E58FCB1D2D229B00D8220F /* ECError.swift */ = {isa = PBXFileReference; fileEncoding = 4; lastKnownFileType = sourcecode.swift; name = ECError.swift; path = ../ECError.swift; sourceTree = "<group>"; };
		69E58FCD1D2EAA5900D8220F /* LineNumberRulerView.swift */ = {isa = PBXFileReference; fileEncoding = 4; lastKnownFileType = sourcecode.swift; path = LineNumberRulerView.swift; sourceTree = "<group>"; };
		69E58FCF1D2EAA7E00D8220F /* CodeTextView.swift */ = {isa = PBXFileReference; fileEncoding = 4; lastKnownFileType = sourcecode.swift; path = CodeTextView.swift; sourceTree = "<group>"; };
		69EA84F91D38FAA5004DEA38 /* Util.swift */ = {isa = PBXFileReference; fileEncoding = 4; lastKnownFileType = sourcecode.swift; path = Util.swift; sourceTree = "<group>"; };
		7148515E9DC1AB02BAA64ECA /* Pods-ec.debug.xcconfig */ = {isa = PBXFileReference; includeInIndex = 1; lastKnownFileType = text.xcconfig; name = "Pods-ec.debug.xcconfig"; path = "Pods/Target Support Files/Pods-ec/Pods-ec.debug.xcconfig"; sourceTree = "<group>"; };
		88624340BA0D772C5C4BC848 /* Pods-ecTests.debug.xcconfig */ = {isa = PBXFileReference; includeInIndex = 1; lastKnownFileType = text.xcconfig; name = "Pods-ecTests.debug.xcconfig"; path = "Pods/Target Support Files/Pods-ecTests/Pods-ecTests.debug.xcconfig"; sourceTree = "<group>"; };
		8F6728A958C02A7AC8BD4B18 /* Pods_ecUITests.framework */ = {isa = PBXFileReference; explicitFileType = wrapper.framework; includeInIndex = 0; path = Pods_ecUITests.framework; sourceTree = BUILT_PRODUCTS_DIR; };
		BA36322443EB103FA0716171 /* Pods_ecTests.framework */ = {isa = PBXFileReference; explicitFileType = wrapper.framework; includeInIndex = 0; path = Pods_ecTests.framework; sourceTree = BUILT_PRODUCTS_DIR; };
		F5A64480233E78F69E5CCDFE /* Pods-ecUITests.debug.xcconfig */ = {isa = PBXFileReference; includeInIndex = 1; lastKnownFileType = text.xcconfig; name = "Pods-ecUITests.debug.xcconfig"; path = "Pods/Target Support Files/Pods-ecUITests/Pods-ecUITests.debug.xcconfig"; sourceTree = "<group>"; };
		F5EA3C74886532BDD5D30F33 /* Pods-ecTests.release.xcconfig */ = {isa = PBXFileReference; includeInIndex = 1; lastKnownFileType = text.xcconfig; name = "Pods-ecTests.release.xcconfig"; path = "Pods/Target Support Files/Pods-ecTests/Pods-ecTests.release.xcconfig"; sourceTree = "<group>"; };
/* End PBXFileReference section */

/* Begin PBXFrameworksBuildPhase section */
		699A03381D2234CC005A9FE7 /* Frameworks */ = {
			isa = PBXFrameworksBuildPhase;
			buildActionMask = 2147483647;
			files = (
				DF58C08244455014A4EEFC87 /* Pods_ec.framework in Frameworks */,
			);
			runOnlyForDeploymentPostprocessing = 0;
		};
		699A03491D2234CC005A9FE7 /* Frameworks */ = {
			isa = PBXFrameworksBuildPhase;
			buildActionMask = 2147483647;
			files = (
				BB34E952C35D417988610B2C /* Pods_ecTests.framework in Frameworks */,
			);
			runOnlyForDeploymentPostprocessing = 0;
		};
		699A03541D2234CC005A9FE7 /* Frameworks */ = {
			isa = PBXFrameworksBuildPhase;
			buildActionMask = 2147483647;
			files = (
				506E02FCF30F0DE1E61C282C /* Pods_ecUITests.framework in Frameworks */,
			);
			runOnlyForDeploymentPostprocessing = 0;
		};
/* End PBXFrameworksBuildPhase section */

/* Begin PBXGroup section */
		66AAC8186CC6FFFD9346DB85 /* Frameworks */ = {
			isa = PBXGroup;
			children = (
				1ACC91E1C187EB566EDD48DE /* Pods_ec.framework */,
				BA36322443EB103FA0716171 /* Pods_ecTests.framework */,
				8F6728A958C02A7AC8BD4B18 /* Pods_ecUITests.framework */,
			);
			name = Frameworks;
			sourceTree = "<group>";
		};
		690FD13C1D4CD8B2000D58AF /* ExternalCommandView */ = {
			isa = PBXGroup;
			children = (
				690FD13D1D4CD8EE000D58AF /* ExternalCommandView.storyboard */,
				690FD13F1D4CD9E8000D58AF /* ExternalCommandViewController.swift */,
			);
			name = ExternalCommandView;
			sourceTree = "<group>";
		};
		69561D1A1D371CE10092A5C7 /* CmdEditor */ = {
			isa = PBXGroup;
			children = (
				69561D181D371B7D0092A5C7 /* CmdEditor.storyboard */,
				69561D1B1D371D0C0092A5C7 /* CmdEditorWindow.swift */,
				69561D1D1D371D150092A5C7 /* CmdEditorViewController.swift */,
			);
			name = CmdEditor;
			sourceTree = "<group>";
		};
		699A03321D2234CC005A9FE7 = {
			isa = PBXGroup;
			children = (
				699A033D1D2234CC005A9FE7 /* ec */,
				699A034F1D2234CC005A9FE7 /* ecTests */,
				699A035A1D2234CC005A9FE7 /* ecUITests */,
				699A033C1D2234CC005A9FE7 /* Products */,
				B24CCC86396C32195D349E81 /* Pods */,
				69E58FC81D2D1F3300D8220F /* Resources */,
				66AAC8186CC6FFFD9346DB85 /* Frameworks */,
			);
			sourceTree = "<group>";
		};
		699A033C1D2234CC005A9FE7 /* Products */ = {
			isa = PBXGroup;
			children = (
				699A033B1D2234CC005A9FE7 /* ec.app */,
				699A034C1D2234CC005A9FE7 /* ecTests.xctest */,
				699A03571D2234CC005A9FE7 /* ecUITests.xctest */,
			);
			name = Products;
			sourceTree = "<group>";
		};
		699A033D1D2234CC005A9FE7 /* ec */ = {
			isa = PBXGroup;
			children = (
				690FD13C1D4CD8B2000D58AF /* ExternalCommandView */,
				69D37BE71D35143C006E4A20 /* ECTextView */,
				69C71EC71D2A69250023A48E /* Util */,
				69C71EC61D2A69110023A48E /* CmdPalett */,
				69C71EC51D2A68F60023A48E /* Cmd */,
				69C71EC41D2A68ED0023A48E /* Preference */,
				699A033E1D2234CC005A9FE7 /* AppDelegate.swift */,
				699A03401D2234CC005A9FE7 /* ViewController.swift */,
				69E58FCB1D2D229B00D8220F /* ECError.swift */,
				69C71EBC1D28AB1B0023A48E /* ECSplitView.swift */,
				699A036F1D24C943005A9FE7 /* ECDocument.swift */,
				699A03421D2234CC005A9FE7 /* Assets.xcassets */,
				699A03441D2234CC005A9FE7 /* Main.storyboard */,
				699A03471D2234CC005A9FE7 /* Info.plist */,
			);
			path = ec;
			sourceTree = "<group>";
		};
		699A034F1D2234CC005A9FE7 /* ecTests */ = {
			isa = PBXGroup;
			children = (
				699A03501D2234CC005A9FE7 /* ecTests.swift */,
				699A03521D2234CC005A9FE7 /* Info.plist */,
			);
			path = ecTests;
			sourceTree = "<group>";
		};
		699A035A1D2234CC005A9FE7 /* ecUITests */ = {
			isa = PBXGroup;
			children = (
				699A035B1D2234CC005A9FE7 /* ecUITests.swift */,
				699A035D1D2234CC005A9FE7 /* Info.plist */,
			);
			path = ecUITests;
			sourceTree = "<group>";
		};
		69C71EC41D2A68ED0023A48E /* Preference */ = {
			isa = PBXGroup;
			children = (
				69C71EC21D2A63C00023A48E /* Preference.storyboard */,
				69C71EC81D2A69BF0023A48E /* PreferenceWindow.swift */,
				69C71ECA1D2A6C4B0023A48E /* PreferenceViewController.swift */,
				69C71ECC1D2AB9980023A48E /* Preference.swift */,
				691064671D44DDB9002DCFB3 /* PreferenceWindowController.swift */,
			);
			name = Preference;
			sourceTree = "<group>";
		};
		69C71EC51D2A68F60023A48E /* Cmd */ = {
			isa = PBXGroup;
			children = (
				699A03AA1D250D71005A9FE7 /* Cmd.swift */,
				69D0B6EA1D256AE7003C04DD /* CmdParser.swift */,
				69D0B6EC1D268520003C04DD /* CmdEvaluator.swift */,
			);
			name = Cmd;
			sourceTree = "<group>";
		};
		69C71EC61D2A69110023A48E /* CmdPalett */ = {
			isa = PBXGroup;
			children = (
				69561D1A1D371CE10092A5C7 /* CmdEditor */,
				699A03691D23FC84005A9FE7 /* CmdPalett.swift */,
				69C71EBA1D289A260023A48E /* CmdPalettView.swift */,
				699A036B1D240521005A9FE7 /* CmdPalettCellView.swift */,
			);
			name = CmdPalett;
			sourceTree = "<group>";
		};
		69C71EC71D2A69250023A48E /* Util */ = {
			isa = PBXGroup;
			children = (
				69D0B6EE1D269BAC003C04DD /* StringExtension.swift */,
				6954197F1D30BA360099C34D /* Tagger.swift */,
				69EA84F91D38FAA5004DEA38 /* Util.swift */,
				699E96651D4DEE31004023C1 /* NSURLExtension.swift */,
				699E96671D4E05CD004023C1 /* NSDocumentExtension.swift */,
			);
			name = Util;
			sourceTree = "<group>";
		};
		69D37BE71D35143C006E4A20 /* ECTextView */ = {
			isa = PBXGroup;
			children = (
				69E58FCD1D2EAA5900D8220F /* LineNumberRulerView.swift */,
				69E58FCF1D2EAA7E00D8220F /* CodeTextView.swift */,
				69C71ED71D2CA34B0023A48E /* ECTextView.swift */,
			);
			name = ECTextView;
			sourceTree = "<group>";
		};
		69E58FC81D2D1F3300D8220F /* Resources */ = {
			isa = PBXGroup;
			children = (
				69E58FC91D2D1F6300D8220F /* ec.sdef */,
			);
			name = Resources;
			sourceTree = "<group>";
		};
		B24CCC86396C32195D349E81 /* Pods */ = {
			isa = PBXGroup;
			children = (
				7148515E9DC1AB02BAA64ECA /* Pods-ec.debug.xcconfig */,
				1780758AB037EDFFF6B2C76E /* Pods-ec.release.xcconfig */,
				88624340BA0D772C5C4BC848 /* Pods-ecTests.debug.xcconfig */,
				F5EA3C74886532BDD5D30F33 /* Pods-ecTests.release.xcconfig */,
				F5A64480233E78F69E5CCDFE /* Pods-ecUITests.debug.xcconfig */,
				1A56B47DB41356C706C02CAF /* Pods-ecUITests.release.xcconfig */,
			);
			name = Pods;
			sourceTree = "<group>";
		};
/* End PBXGroup section */

/* Begin PBXNativeTarget section */
		699A033A1D2234CC005A9FE7 /* ec */ = {
			isa = PBXNativeTarget;
			buildConfigurationList = 699A03601D2234CC005A9FE7 /* Build configuration list for PBXNativeTarget "ec" */;
			buildPhases = (
				EAC8C02831ADF35B407AD8E1 /* [CP] Check Pods Manifest.lock */,
				699A03371D2234CC005A9FE7 /* Sources */,
				699A03381D2234CC005A9FE7 /* Frameworks */,
				699A03391D2234CC005A9FE7 /* Resources */,
				0200806C4481344213E67836 /* [CP] Embed Pods Frameworks */,
				C626633D54965092499BCFE1 /* [CP] Copy Pods Resources */,
			);
			buildRules = (
			);
			dependencies = (
			);
			name = ec;
			productName = ec;
			productReference = 699A033B1D2234CC005A9FE7 /* ec.app */;
			productType = "com.apple.product-type.application";
		};
		699A034B1D2234CC005A9FE7 /* ecTests */ = {
			isa = PBXNativeTarget;
			buildConfigurationList = 699A03631D2234CC005A9FE7 /* Build configuration list for PBXNativeTarget "ecTests" */;
			buildPhases = (
				73073642893E8326D3EA7B6B /* [CP] Check Pods Manifest.lock */,
				699A03481D2234CC005A9FE7 /* Sources */,
				699A03491D2234CC005A9FE7 /* Frameworks */,
				699A034A1D2234CC005A9FE7 /* Resources */,
				513E7EAC9D176AB538B466E4 /* [CP] Embed Pods Frameworks */,
				874136F8B59159BE42181F25 /* [CP] Copy Pods Resources */,
			);
			buildRules = (
			);
			dependencies = (
				699A034E1D2234CC005A9FE7 /* PBXTargetDependency */,
			);
			name = ecTests;
			productName = ecTests;
			productReference = 699A034C1D2234CC005A9FE7 /* ecTests.xctest */;
			productType = "com.apple.product-type.bundle.unit-test";
		};
		699A03561D2234CC005A9FE7 /* ecUITests */ = {
			isa = PBXNativeTarget;
			buildConfigurationList = 699A03661D2234CC005A9FE7 /* Build configuration list for PBXNativeTarget "ecUITests" */;
			buildPhases = (
				D8806CBE0C03A0006D9BDA56 /* [CP] Check Pods Manifest.lock */,
				699A03531D2234CC005A9FE7 /* Sources */,
				699A03541D2234CC005A9FE7 /* Frameworks */,
				699A03551D2234CC005A9FE7 /* Resources */,
				5388664B7771D152D8675FFC /* [CP] Copy Pods Resources */,
			);
			buildRules = (
			);
			dependencies = (
				699A03591D2234CC005A9FE7 /* PBXTargetDependency */,
			);
			name = ecUITests;
			productName = ecUITests;
			productReference = 699A03571D2234CC005A9FE7 /* ecUITests.xctest */;
			productType = "com.apple.product-type.bundle.ui-testing";
		};
/* End PBXNativeTarget section */

/* Begin PBXProject section */
		699A03331D2234CC005A9FE7 /* Project object */ = {
			isa = PBXProject;
			attributes = {
				LastSwiftUpdateCheck = 0730;
				LastUpgradeCheck = 0730;
				ORGANIZATIONNAME = "十亀眞怜";
				TargetAttributes = {
					699A033A1D2234CC005A9FE7 = {
						CreatedOnToolsVersion = 7.3.1;
					};
					699A034B1D2234CC005A9FE7 = {
						CreatedOnToolsVersion = 7.3.1;
						TestTargetID = 699A033A1D2234CC005A9FE7;
					};
					699A03561D2234CC005A9FE7 = {
						CreatedOnToolsVersion = 7.3.1;
						TestTargetID = 699A033A1D2234CC005A9FE7;
					};
				};
			};
			buildConfigurationList = 699A03361D2234CC005A9FE7 /* Build configuration list for PBXProject "ec" */;
			compatibilityVersion = "Xcode 3.2";
			developmentRegion = English;
			hasScannedForEncodings = 0;
			knownRegions = (
				en,
				Base,
			);
			mainGroup = 699A03321D2234CC005A9FE7;
			productRefGroup = 699A033C1D2234CC005A9FE7 /* Products */;
			projectDirPath = "";
			projectRoot = "";
			targets = (
				699A033A1D2234CC005A9FE7 /* ec */,
				699A034B1D2234CC005A9FE7 /* ecTests */,
				699A03561D2234CC005A9FE7 /* ecUITests */,
			);
		};
/* End PBXProject section */

/* Begin PBXResourcesBuildPhase section */
		699A03391D2234CC005A9FE7 /* Resources */ = {
			isa = PBXResourcesBuildPhase;
			buildActionMask = 2147483647;
			files = (
				699A03431D2234CC005A9FE7 /* Assets.xcassets in Resources */,
				699A03461D2234CC005A9FE7 /* Main.storyboard in Resources */,
				69C71EC31D2A63C00023A48E /* Preference.storyboard in Resources */,
				69E58FCA1D2D1F6400D8220F /* ec.sdef in Resources */,
				690FD13E1D4CD8EE000D58AF /* ExternalCommandView.storyboard in Resources */,
				69561D191D371B7D0092A5C7 /* CmdEditor.storyboard in Resources */,
			);
			runOnlyForDeploymentPostprocessing = 0;
		};
		699A034A1D2234CC005A9FE7 /* Resources */ = {
			isa = PBXResourcesBuildPhase;
			buildActionMask = 2147483647;
			files = (
			);
			runOnlyForDeploymentPostprocessing = 0;
		};
		699A03551D2234CC005A9FE7 /* Resources */ = {
			isa = PBXResourcesBuildPhase;
			buildActionMask = 2147483647;
			files = (
			);
			runOnlyForDeploymentPostprocessing = 0;
		};
/* End PBXResourcesBuildPhase section */

/* Begin PBXShellScriptBuildPhase section */
		0200806C4481344213E67836 /* [CP] Embed Pods Frameworks */ = {
			isa = PBXShellScriptBuildPhase;
			buildActionMask = 2147483647;
			files = (
			);
			inputPaths = (
			);
			name = "[CP] Embed Pods Frameworks";
			outputPaths = (
			);
			runOnlyForDeploymentPostprocessing = 0;
			shellPath = /bin/sh;
			shellScript = "\"${SRCROOT}/Pods/Target Support Files/Pods-ec/Pods-ec-frameworks.sh\"\n";
			showEnvVarsInLog = 0;
		};
		513E7EAC9D176AB538B466E4 /* [CP] Embed Pods Frameworks */ = {
			isa = PBXShellScriptBuildPhase;
			buildActionMask = 2147483647;
			files = (
			);
			inputPaths = (
			);
			name = "[CP] Embed Pods Frameworks";
			outputPaths = (
			);
			runOnlyForDeploymentPostprocessing = 0;
			shellPath = /bin/sh;
			shellScript = "\"${SRCROOT}/Pods/Target Support Files/Pods-ecTests/Pods-ecTests-frameworks.sh\"\n";
			showEnvVarsInLog = 0;
		};
		5388664B7771D152D8675FFC /* [CP] Copy Pods Resources */ = {
			isa = PBXShellScriptBuildPhase;
			buildActionMask = 2147483647;
			files = (
			);
			inputPaths = (
			);
			name = "[CP] Copy Pods Resources";
			outputPaths = (
			);
			runOnlyForDeploymentPostprocessing = 0;
			shellPath = /bin/sh;
			shellScript = "\"${SRCROOT}/Pods/Target Support Files/Pods-ecUITests/Pods-ecUITests-resources.sh\"\n";
			showEnvVarsInLog = 0;
		};
		73073642893E8326D3EA7B6B /* [CP] Check Pods Manifest.lock */ = {
			isa = PBXShellScriptBuildPhase;
			buildActionMask = 2147483647;
			files = (
			);
			inputPaths = (
			);
			name = "[CP] Check Pods Manifest.lock";
			outputPaths = (
			);
			runOnlyForDeploymentPostprocessing = 0;
			shellPath = /bin/sh;
			shellScript = "diff \"${PODS_ROOT}/../Podfile.lock\" \"${PODS_ROOT}/Manifest.lock\" > /dev/null\nif [[ $? != 0 ]] ; then\n    cat << EOM\nerror: The sandbox is not in sync with the Podfile.lock. Run 'pod install' or update your CocoaPods installation.\nEOM\n    exit 1\nfi\n";
			showEnvVarsInLog = 0;
		};
		874136F8B59159BE42181F25 /* [CP] Copy Pods Resources */ = {
			isa = PBXShellScriptBuildPhase;
			buildActionMask = 2147483647;
			files = (
			);
			inputPaths = (
			);
			name = "[CP] Copy Pods Resources";
			outputPaths = (
			);
			runOnlyForDeploymentPostprocessing = 0;
			shellPath = /bin/sh;
			shellScript = "\"${SRCROOT}/Pods/Target Support Files/Pods-ecTests/Pods-ecTests-resources.sh\"\n";
			showEnvVarsInLog = 0;
		};
		C626633D54965092499BCFE1 /* [CP] Copy Pods Resources */ = {
			isa = PBXShellScriptBuildPhase;
			buildActionMask = 2147483647;
			files = (
			);
			inputPaths = (
			);
			name = "[CP] Copy Pods Resources";
			outputPaths = (
			);
			runOnlyForDeploymentPostprocessing = 0;
			shellPath = /bin/sh;
			shellScript = "\"${SRCROOT}/Pods/Target Support Files/Pods-ec/Pods-ec-resources.sh\"\n";
			showEnvVarsInLog = 0;
		};
		D8806CBE0C03A0006D9BDA56 /* [CP] Check Pods Manifest.lock */ = {
			isa = PBXShellScriptBuildPhase;
			buildActionMask = 2147483647;
			files = (
			);
			inputPaths = (
			);
			name = "[CP] Check Pods Manifest.lock";
			outputPaths = (
			);
			runOnlyForDeploymentPostprocessing = 0;
			shellPath = /bin/sh;
			shellScript = "diff \"${PODS_ROOT}/../Podfile.lock\" \"${PODS_ROOT}/Manifest.lock\" > /dev/null\nif [[ $? != 0 ]] ; then\n    cat << EOM\nerror: The sandbox is not in sync with the Podfile.lock. Run 'pod install' or update your CocoaPods installation.\nEOM\n    exit 1\nfi\n";
			showEnvVarsInLog = 0;
		};
		EAC8C02831ADF35B407AD8E1 /* [CP] Check Pods Manifest.lock */ = {
			isa = PBXShellScriptBuildPhase;
			buildActionMask = 2147483647;
			files = (
			);
			inputPaths = (
			);
			name = "[CP] Check Pods Manifest.lock";
			outputPaths = (
			);
			runOnlyForDeploymentPostprocessing = 0;
			shellPath = /bin/sh;
			shellScript = "diff \"${PODS_ROOT}/../Podfile.lock\" \"${PODS_ROOT}/Manifest.lock\" > /dev/null\nif [[ $? != 0 ]] ; then\n    cat << EOM\nerror: The sandbox is not in sync with the Podfile.lock. Run 'pod install' or update your CocoaPods installation.\nEOM\n    exit 1\nfi\n";
			showEnvVarsInLog = 0;
		};
/* End PBXShellScriptBuildPhase section */

/* Begin PBXSourcesBuildPhase section */
		699A03371D2234CC005A9FE7 /* Sources */ = {
			isa = PBXSourcesBuildPhase;
			buildActionMask = 2147483647;
			files = (
				69C71ECD1D2AB9980023A48E /* Preference.swift in Sources */,
				695419801D30BA360099C34D /* Tagger.swift in Sources */,
				699A03411D2234CC005A9FE7 /* ViewController.swift in Sources */,
				699A036A1D23FC84005A9FE7 /* CmdPalett.swift in Sources */,
				699A03701D24C943005A9FE7 /* ECDocument.swift in Sources */,
				699A033F1D2234CC005A9FE7 /* AppDelegate.swift in Sources */,
				69C71EC91D2A69BF0023A48E /* PreferenceWindow.swift in Sources */,
				69561D1C1D371D0C0092A5C7 /* CmdEditorWindow.swift in Sources */,
				69E58FD01D2EAA7E00D8220F /* CodeTextView.swift in Sources */,
				69D0B6ED1D268520003C04DD /* CmdEvaluator.swift in Sources */,
				69C71EBB1D289A260023A48E /* CmdPalettView.swift in Sources */,
				69EA84FA1D38FAA5004DEA38 /* Util.swift in Sources */,
				69C71ED81D2CA34B0023A48E /* ECTextView.swift in Sources */,
				699E96681D4E05CD004023C1 /* NSDocumentExtension.swift in Sources */,
				69D0B6EF1D269BAC003C04DD /* StringExtension.swift in Sources */,
				69561D1E1D371D150092A5C7 /* CmdEditorViewController.swift in Sources */,
				69E58FCC1D2D229B00D8220F /* ECError.swift in Sources */,
				699A03AB1D250D71005A9FE7 /* Cmd.swift in Sources */,
				69C71ECB1D2A6C4B0023A48E /* PreferenceViewController.swift in Sources */,
				69E58FCE1D2EAA5900D8220F /* LineNumberRulerView.swift in Sources */,
				69D0B6EB1D256AE7003C04DD /* CmdParser.swift in Sources */,
				691064681D44DDB9002DCFB3 /* PreferenceWindowController.swift in Sources */,
				699A036C1D240521005A9FE7 /* CmdPalettCellView.swift in Sources */,
				69C71EBD1D28AB1B0023A48E /* ECSplitView.swift in Sources */,
				699E96661D4DEE31004023C1 /* NSURLExtension.swift in Sources */,
				690FD1401D4CD9E8000D58AF /* ExternalCommandViewController.swift in Sources */,
			);
			runOnlyForDeploymentPostprocessing = 0;
		};
		699A03481D2234CC005A9FE7 /* Sources */ = {
			isa = PBXSourcesBuildPhase;
			buildActionMask = 2147483647;
			files = (
				699A03511D2234CC005A9FE7 /* ecTests.swift in Sources */,
			);
			runOnlyForDeploymentPostprocessing = 0;
		};
		699A03531D2234CC005A9FE7 /* Sources */ = {
			isa = PBXSourcesBuildPhase;
			buildActionMask = 2147483647;
			files = (
				699A035C1D2234CC005A9FE7 /* ecUITests.swift in Sources */,
			);
			runOnlyForDeploymentPostprocessing = 0;
		};
/* End PBXSourcesBuildPhase section */

/* Begin PBXTargetDependency section */
		699A034E1D2234CC005A9FE7 /* PBXTargetDependency */ = {
			isa = PBXTargetDependency;
			target = 699A033A1D2234CC005A9FE7 /* ec */;
			targetProxy = 699A034D1D2234CC005A9FE7 /* PBXContainerItemProxy */;
		};
		699A03591D2234CC005A9FE7 /* PBXTargetDependency */ = {
			isa = PBXTargetDependency;
			target = 699A033A1D2234CC005A9FE7 /* ec */;
			targetProxy = 699A03581D2234CC005A9FE7 /* PBXContainerItemProxy */;
		};
/* End PBXTargetDependency section */

/* Begin PBXVariantGroup section */
		699A03441D2234CC005A9FE7 /* Main.storyboard */ = {
			isa = PBXVariantGroup;
			children = (
				699A03451D2234CC005A9FE7 /* Base */,
			);
			name = Main.storyboard;
			sourceTree = "<group>";
		};
/* End PBXVariantGroup section */

/* Begin XCBuildConfiguration section */
		699A035E1D2234CC005A9FE7 /* Debug */ = {
			isa = XCBuildConfiguration;
			buildSettings = {
				ALWAYS_SEARCH_USER_PATHS = NO;
				CLANG_ANALYZER_NONNULL = YES;
				CLANG_CXX_LANGUAGE_STANDARD = "gnu++0x";
				CLANG_CXX_LIBRARY = "libc++";
				CLANG_ENABLE_MODULES = YES;
				CLANG_ENABLE_OBJC_ARC = YES;
				CLANG_WARN_BOOL_CONVERSION = YES;
				CLANG_WARN_CONSTANT_CONVERSION = YES;
				CLANG_WARN_DIRECT_OBJC_ISA_USAGE = YES_ERROR;
				CLANG_WARN_EMPTY_BODY = YES;
				CLANG_WARN_ENUM_CONVERSION = YES;
				CLANG_WARN_INT_CONVERSION = YES;
				CLANG_WARN_OBJC_ROOT_CLASS = YES_ERROR;
				CLANG_WARN_UNREACHABLE_CODE = YES;
				CLANG_WARN__DUPLICATE_METHOD_MATCH = YES;
				CODE_SIGN_IDENTITY = "-";
				COPY_PHASE_STRIP = NO;
				DEBUG_INFORMATION_FORMAT = dwarf;
				ENABLE_STRICT_OBJC_MSGSEND = YES;
				ENABLE_TESTABILITY = YES;
				GCC_C_LANGUAGE_STANDARD = gnu99;
				GCC_DYNAMIC_NO_PIC = NO;
				GCC_NO_COMMON_BLOCKS = YES;
				GCC_OPTIMIZATION_LEVEL = 0;
				GCC_PREPROCESSOR_DEFINITIONS = (
					"DEBUG=1",
					"$(inherited)",
				);
				GCC_WARN_64_TO_32_BIT_CONVERSION = YES;
				GCC_WARN_ABOUT_RETURN_TYPE = YES_ERROR;
				GCC_WARN_UNDECLARED_SELECTOR = YES;
				GCC_WARN_UNINITIALIZED_AUTOS = YES_AGGRESSIVE;
				GCC_WARN_UNUSED_FUNCTION = YES;
				GCC_WARN_UNUSED_VARIABLE = YES;
				MACOSX_DEPLOYMENT_TARGET = 10.11;
				MTL_ENABLE_DEBUG_INFO = YES;
				ONLY_ACTIVE_ARCH = YES;
				SDKROOT = macosx;
				SWIFT_OPTIMIZATION_LEVEL = "-Onone";
			};
			name = Debug;
		};
		699A035F1D2234CC005A9FE7 /* Release */ = {
			isa = XCBuildConfiguration;
			buildSettings = {
				ALWAYS_SEARCH_USER_PATHS = NO;
				CLANG_ANALYZER_NONNULL = YES;
				CLANG_CXX_LANGUAGE_STANDARD = "gnu++0x";
				CLANG_CXX_LIBRARY = "libc++";
				CLANG_ENABLE_MODULES = YES;
				CLANG_ENABLE_OBJC_ARC = YES;
				CLANG_WARN_BOOL_CONVERSION = YES;
				CLANG_WARN_CONSTANT_CONVERSION = YES;
				CLANG_WARN_DIRECT_OBJC_ISA_USAGE = YES_ERROR;
				CLANG_WARN_EMPTY_BODY = YES;
				CLANG_WARN_ENUM_CONVERSION = YES;
				CLANG_WARN_INT_CONVERSION = YES;
				CLANG_WARN_OBJC_ROOT_CLASS = YES_ERROR;
				CLANG_WARN_UNREACHABLE_CODE = YES;
				CLANG_WARN__DUPLICATE_METHOD_MATCH = YES;
				CODE_SIGN_IDENTITY = "-";
				COPY_PHASE_STRIP = NO;
				DEBUG_INFORMATION_FORMAT = "dwarf-with-dsym";
				ENABLE_NS_ASSERTIONS = NO;
				ENABLE_STRICT_OBJC_MSGSEND = YES;
				GCC_C_LANGUAGE_STANDARD = gnu99;
				GCC_NO_COMMON_BLOCKS = YES;
				GCC_WARN_64_TO_32_BIT_CONVERSION = YES;
				GCC_WARN_ABOUT_RETURN_TYPE = YES_ERROR;
				GCC_WARN_UNDECLARED_SELECTOR = YES;
				GCC_WARN_UNINITIALIZED_AUTOS = YES_AGGRESSIVE;
				GCC_WARN_UNUSED_FUNCTION = YES;
				GCC_WARN_UNUSED_VARIABLE = YES;
				MACOSX_DEPLOYMENT_TARGET = 10.11;
				MTL_ENABLE_DEBUG_INFO = NO;
				SDKROOT = macosx;
			};
			name = Release;
		};
		699A03611D2234CC005A9FE7 /* Debug */ = {
			isa = XCBuildConfiguration;
			baseConfigurationReference = 7148515E9DC1AB02BAA64ECA /* Pods-ec.debug.xcconfig */;
			buildSettings = {
				ASSETCATALOG_COMPILER_APPICON_NAME = AppIcon;
				COMBINE_HIDPI_IMAGES = YES;
				FRAMEWORK_SEARCH_PATHS = (
					"$(inherited)",
					"$(PROJECT_DIR)",
				);
				INFOPLIST_FILE = ec/Info.plist;
				LD_RUNPATH_SEARCH_PATHS = "$(inherited) @executable_path/../Frameworks @loader_path/../Frameworks";
				PRODUCT_BUNDLE_IDENTIFIER = jp.poketo7878.ec;
				PRODUCT_NAME = "$(TARGET_NAME)";
			};
			name = Debug;
		};
		699A03621D2234CC005A9FE7 /* Release */ = {
			isa = XCBuildConfiguration;
			baseConfigurationReference = 1780758AB037EDFFF6B2C76E /* Pods-ec.release.xcconfig */;
			buildSettings = {
				ASSETCATALOG_COMPILER_APPICON_NAME = AppIcon;
				COMBINE_HIDPI_IMAGES = YES;
				FRAMEWORK_SEARCH_PATHS = (
					"$(inherited)",
					"$(PROJECT_DIR)",
				);
				INFOPLIST_FILE = ec/Info.plist;
				LD_RUNPATH_SEARCH_PATHS = "$(inherited) @executable_path/../Frameworks @loader_path/../Frameworks";
				PRODUCT_BUNDLE_IDENTIFIER = jp.poketo7878.ec;
				PRODUCT_NAME = "$(TARGET_NAME)";
			};
			name = Release;
		};
		699A03641D2234CC005A9FE7 /* Debug */ = {
			isa = XCBuildConfiguration;
			baseConfigurationReference = 88624340BA0D772C5C4BC848 /* Pods-ecTests.debug.xcconfig */;
			buildSettings = {
				BUNDLE_LOADER = "$(TEST_HOST)";
				COMBINE_HIDPI_IMAGES = YES;
				INFOPLIST_FILE = ecTests/Info.plist;
				LD_RUNPATH_SEARCH_PATHS = "$(inherited) @executable_path/../Frameworks @loader_path/../Frameworks";
				PRODUCT_BUNDLE_IDENTIFIER = jp.poketo7878.ecTests;
				PRODUCT_NAME = "$(TARGET_NAME)";
				TEST_HOST = "$(BUILT_PRODUCTS_DIR)/ec.app/Contents/MacOS/ec";
			};
			name = Debug;
		};
		699A03651D2234CC005A9FE7 /* Release */ = {
			isa = XCBuildConfiguration;
			baseConfigurationReference = F5EA3C74886532BDD5D30F33 /* Pods-ecTests.release.xcconfig */;
			buildSettings = {
				BUNDLE_LOADER = "$(TEST_HOST)";
				COMBINE_HIDPI_IMAGES = YES;
				INFOPLIST_FILE = ecTests/Info.plist;
				LD_RUNPATH_SEARCH_PATHS = "$(inherited) @executable_path/../Frameworks @loader_path/../Frameworks";
				PRODUCT_BUNDLE_IDENTIFIER = jp.poketo7878.ecTests;
				PRODUCT_NAME = "$(TARGET_NAME)";
				TEST_HOST = "$(BUILT_PRODUCTS_DIR)/ec.app/Contents/MacOS/ec";
			};
			name = Release;
		};
		699A03671D2234CC005A9FE7 /* Debug */ = {
			isa = XCBuildConfiguration;
			baseConfigurationReference = F5A64480233E78F69E5CCDFE /* Pods-ecUITests.debug.xcconfig */;
			buildSettings = {
				COMBINE_HIDPI_IMAGES = YES;
				INFOPLIST_FILE = ecUITests/Info.plist;
				LD_RUNPATH_SEARCH_PATHS = "$(inherited) @executable_path/../Frameworks @loader_path/../Frameworks";
				PRODUCT_BUNDLE_IDENTIFIER = jp.poketo7878.ecUITests;
				PRODUCT_NAME = "$(TARGET_NAME)";
				TEST_TARGET_NAME = ec;
			};
			name = Debug;
		};
		699A03681D2234CC005A9FE7 /* Release */ = {
			isa = XCBuildConfiguration;
			baseConfigurationReference = 1A56B47DB41356C706C02CAF /* Pods-ecUITests.release.xcconfig */;
			buildSettings = {
				COMBINE_HIDPI_IMAGES = YES;
				INFOPLIST_FILE = ecUITests/Info.plist;
				LD_RUNPATH_SEARCH_PATHS = "$(inherited) @executable_path/../Frameworks @loader_path/../Frameworks";
				PRODUCT_BUNDLE_IDENTIFIER = jp.poketo7878.ecUITests;
				PRODUCT_NAME = "$(TARGET_NAME)";
				TEST_TARGET_NAME = ec;
			};
			name = Release;
		};
/* End XCBuildConfiguration section */

/* Begin XCConfigurationList section */
		699A03361D2234CC005A9FE7 /* Build configuration list for PBXProject "ec" */ = {
			isa = XCConfigurationList;
			buildConfigurations = (
				699A035E1D2234CC005A9FE7 /* Debug */,
				699A035F1D2234CC005A9FE7 /* Release */,
			);
			defaultConfigurationIsVisible = 0;
			defaultConfigurationName = Release;
		};
		699A03601D2234CC005A9FE7 /* Build configuration list for PBXNativeTarget "ec" */ = {
			isa = XCConfigurationList;
			buildConfigurations = (
				699A03611D2234CC005A9FE7 /* Debug */,
				699A03621D2234CC005A9FE7 /* Release */,
			);
			defaultConfigurationIsVisible = 0;
			defaultConfigurationName = Release;
		};
		699A03631D2234CC005A9FE7 /* Build configuration list for PBXNativeTarget "ecTests" */ = {
			isa = XCConfigurationList;
			buildConfigurations = (
				699A03641D2234CC005A9FE7 /* Debug */,
				699A03651D2234CC005A9FE7 /* Release */,
			);
			defaultConfigurationIsVisible = 0;
			defaultConfigurationName = Release;
		};
		699A03661D2234CC005A9FE7 /* Build configuration list for PBXNativeTarget "ecUITests" */ = {
			isa = XCConfigurationList;
			buildConfigurations = (
				699A03671D2234CC005A9FE7 /* Debug */,
				699A03681D2234CC005A9FE7 /* Release */,
			);
			defaultConfigurationIsVisible = 0;
			defaultConfigurationName = Release;
		};
/* End XCConfigurationList section */
	};
	rootObject = 699A03331D2234CC005A9FE7 /* Project object */;
}
