// !$*UTF8*$!
{
	archiveVersion = 1;
	classes = {
	};
	objectVersion = 46;
	objects = {

/* Begin PBXBuildFile section */
		690FD13E1D4CD8EE000D58AF /* ExternalCommandView.storyboard in Resources */ = {isa = PBXBuildFile; fileRef = 690FD13D1D4CD8EE000D58AF /* ExternalCommandView.storyboard */; };
		690FD1401D4CD9E8000D58AF /* ExternalCommandViewController.swift in Sources */ = {isa = PBXBuildFile; fileRef = 690FD13F1D4CD9E8000D58AF /* ExternalCommandViewController.swift */; };
		691064681D44DDB9002DCFB3 /* PreferenceWindowController.swift in Sources */ = {isa = PBXBuildFile; fileRef = 691064671D44DDB9002DCFB3 /* PreferenceWindowController.swift */; };
		69121BBD1DE4154800F39E0B /* Prelude.framework in Frameworks */ = {isa = PBXBuildFile; fileRef = 69121BBA1DE4154800F39E0B /* Prelude.framework */; };
		69121BBE1DE4154800F39E0B /* Either.framework in Frameworks */ = {isa = PBXBuildFile; fileRef = 69121BBB1DE4154800F39E0B /* Either.framework */; };
		69121BBF1DE4154800F39E0B /* SwiftParsec.framework in Frameworks */ = {isa = PBXBuildFile; fileRef = 69121BBC1DE4154800F39E0B /* SwiftParsec.framework */; };
		69121BC31DE5611B00F39E0B /* CharUtil.swift in Sources */ = {isa = PBXBuildFile; fileRef = 69121BC21DE5611B00F39E0B /* CharUtil.swift */; };
		695419801D30BA360099C34D /* Tagger.swift in Sources */ = {isa = PBXBuildFile; fileRef = 6954197F1D30BA360099C34D /* Tagger.swift */; };
		696598421DF17DDC00E31E57 /* RxBlocking.framework in Frameworks */ = {isa = PBXBuildFile; fileRef = 6965983F1DF17DDC00E31E57 /* RxBlocking.framework */; };
		696598431DF17DDC00E31E57 /* RxCocoa.framework in Frameworks */ = {isa = PBXBuildFile; fileRef = 696598401DF17DDC00E31E57 /* RxCocoa.framework */; };
		696598441DF17DDC00E31E57 /* RxSwift.framework in Frameworks */ = {isa = PBXBuildFile; fileRef = 696598411DF17DDC00E31E57 /* RxSwift.framework */; };
		696598461DF2A03A00E31E57 /* Yaml.framework in Frameworks */ = {isa = PBXBuildFile; fileRef = 696598451DF2A03A00E31E57 /* Yaml.framework */; };
		696598481DF2A90200E31E57 /* NSColorExtension.swift in Sources */ = {isa = PBXBuildFile; fileRef = 696598471DF2A90200E31E57 /* NSColorExtension.swift */; };
		6965984A1DF2B55200E31E57 /* ECMainTextView.swift in Sources */ = {isa = PBXBuildFile; fileRef = 696598491DF2B55200E31E57 /* ECMainTextView.swift */; };
		6965984C1DF2B7E600E31E57 /* ECSubTextView.swift in Sources */ = {isa = PBXBuildFile; fileRef = 6965984B1DF2B7E600E31E57 /* ECSubTextView.swift */; };
		699A033F1D2234CC005A9FE7 /* AppDelegate.swift in Sources */ = {isa = PBXBuildFile; fileRef = 699A033E1D2234CC005A9FE7 /* AppDelegate.swift */; };
		699A03411D2234CC005A9FE7 /* ViewController.swift in Sources */ = {isa = PBXBuildFile; fileRef = 699A03401D2234CC005A9FE7 /* ViewController.swift */; };
		699A03431D2234CC005A9FE7 /* Assets.xcassets in Resources */ = {isa = PBXBuildFile; fileRef = 699A03421D2234CC005A9FE7 /* Assets.xcassets */; };
		699A03461D2234CC005A9FE7 /* Main.storyboard in Resources */ = {isa = PBXBuildFile; fileRef = 699A03441D2234CC005A9FE7 /* Main.storyboard */; };
		699A03701D24C943005A9FE7 /* ECDocument.swift in Sources */ = {isa = PBXBuildFile; fileRef = 699A036F1D24C943005A9FE7 /* ECDocument.swift */; };
		699A03AB1D250D71005A9FE7 /* Cmd.swift in Sources */ = {isa = PBXBuildFile; fileRef = 699A03AA1D250D71005A9FE7 /* Cmd.swift */; };
		699E96661D4DEE31004023C1 /* NSURLExtension.swift in Sources */ = {isa = PBXBuildFile; fileRef = 699E96651D4DEE31004023C1 /* NSURLExtension.swift */; };
		69AD63891DE5BF95003F844C /* SnapKit.framework in Frameworks */ = {isa = PBXBuildFile; fileRef = 69AD63881DE5BF95003F844C /* SnapKit.framework */; };
		69C71EBD1D28AB1B0023A48E /* ECSplitView.swift in Sources */ = {isa = PBXBuildFile; fileRef = 69C71EBC1D28AB1B0023A48E /* ECSplitView.swift */; };
		69C71EC31D2A63C00023A48E /* Preference.storyboard in Resources */ = {isa = PBXBuildFile; fileRef = 69C71EC21D2A63C00023A48E /* Preference.storyboard */; };
		69C71EC91D2A69BF0023A48E /* PreferenceWindow.swift in Sources */ = {isa = PBXBuildFile; fileRef = 69C71EC81D2A69BF0023A48E /* PreferenceWindow.swift */; };
		69C71ECB1D2A6C4B0023A48E /* PreferenceViewController.swift in Sources */ = {isa = PBXBuildFile; fileRef = 69C71ECA1D2A6C4B0023A48E /* PreferenceViewController.swift */; };
		69C71ECD1D2AB9980023A48E /* Preference.swift in Sources */ = {isa = PBXBuildFile; fileRef = 69C71ECC1D2AB9980023A48E /* Preference.swift */; };
		69C71ED81D2CA34B0023A48E /* ECTextView.swift in Sources */ = {isa = PBXBuildFile; fileRef = 69C71ED71D2CA34B0023A48E /* ECTextView.swift */; };
		69C835F21DF1049B008F6A7F /* ECDocumentController.swift in Sources */ = {isa = PBXBuildFile; fileRef = 69C835F11DF1049B008F6A7F /* ECDocumentController.swift */; };
		69D0B6EB1D256AE7003C04DD /* CmdParser.swift in Sources */ = {isa = PBXBuildFile; fileRef = 69D0B6EA1D256AE7003C04DD /* CmdParser.swift */; };
		69D0B6ED1D268520003C04DD /* CmdEvaluator.swift in Sources */ = {isa = PBXBuildFile; fileRef = 69D0B6EC1D268520003C04DD /* CmdEvaluator.swift */; };
		69D0B6EF1D269BAC003C04DD /* StringExtension.swift in Sources */ = {isa = PBXBuildFile; fileRef = 69D0B6EE1D269BAC003C04DD /* StringExtension.swift */; };
		69E58FCA1D2D1F6400D8220F /* ec.sdef in Resources */ = {isa = PBXBuildFile; fileRef = 69E58FC91D2D1F6300D8220F /* ec.sdef */; };
		69E58FCC1D2D229B00D8220F /* ECError.swift in Sources */ = {isa = PBXBuildFile; fileRef = 69E58FCB1D2D229B00D8220F /* ECError.swift */; };
		69E58FCE1D2EAA5900D8220F /* LineNumberRulerView.swift in Sources */ = {isa = PBXBuildFile; fileRef = 69E58FCD1D2EAA5900D8220F /* LineNumberRulerView.swift */; };
		69E58FD01D2EAA7E00D8220F /* CodeTextView.swift in Sources */ = {isa = PBXBuildFile; fileRef = 69E58FCF1D2EAA7E00D8220F /* CodeTextView.swift */; };
		69EA84FA1D38FAA5004DEA38 /* Util.swift in Sources */ = {isa = PBXBuildFile; fileRef = 69EA84F91D38FAA5004DEA38 /* Util.swift */; };
/* End PBXBuildFile section */

/* Begin PBXFileReference section */
		690FD13D1D4CD8EE000D58AF /* ExternalCommandView.storyboard */ = {isa = PBXFileReference; fileEncoding = 4; lastKnownFileType = file.storyboard; path = ExternalCommandView.storyboard; sourceTree = "<group>"; };
		690FD13F1D4CD9E8000D58AF /* ExternalCommandViewController.swift */ = {isa = PBXFileReference; fileEncoding = 4; lastKnownFileType = sourcecode.swift; path = ExternalCommandViewController.swift; sourceTree = "<group>"; };
		691064671D44DDB9002DCFB3 /* PreferenceWindowController.swift */ = {isa = PBXFileReference; fileEncoding = 4; lastKnownFileType = sourcecode.swift; path = PreferenceWindowController.swift; sourceTree = "<group>"; };
		69121BBA1DE4154800F39E0B /* Prelude.framework */ = {isa = PBXFileReference; lastKnownFileType = wrapper.framework; name = Prelude.framework; path = Carthage/Build/Mac/Prelude.framework; sourceTree = "<group>"; };
		69121BBB1DE4154800F39E0B /* Either.framework */ = {isa = PBXFileReference; lastKnownFileType = wrapper.framework; name = Either.framework; path = Carthage/Build/Mac/Either.framework; sourceTree = "<group>"; };
		69121BBC1DE4154800F39E0B /* SwiftParsec.framework */ = {isa = PBXFileReference; lastKnownFileType = wrapper.framework; name = SwiftParsec.framework; path = Carthage/Build/Mac/SwiftParsec.framework; sourceTree = "<group>"; };
		69121BC21DE5611B00F39E0B /* CharUtil.swift */ = {isa = PBXFileReference; fileEncoding = 4; lastKnownFileType = sourcecode.swift; path = CharUtil.swift; sourceTree = "<group>"; };
		6954197F1D30BA360099C34D /* Tagger.swift */ = {isa = PBXFileReference; fileEncoding = 4; lastKnownFileType = sourcecode.swift; path = Tagger.swift; sourceTree = "<group>"; };
		6965983F1DF17DDC00E31E57 /* RxBlocking.framework */ = {isa = PBXFileReference; lastKnownFileType = wrapper.framework; name = RxBlocking.framework; path = Carthage/Build/Mac/RxBlocking.framework; sourceTree = "<group>"; };
		696598401DF17DDC00E31E57 /* RxCocoa.framework */ = {isa = PBXFileReference; lastKnownFileType = wrapper.framework; name = RxCocoa.framework; path = Carthage/Build/Mac/RxCocoa.framework; sourceTree = "<group>"; };
		696598411DF17DDC00E31E57 /* RxSwift.framework */ = {isa = PBXFileReference; lastKnownFileType = wrapper.framework; name = RxSwift.framework; path = Carthage/Build/Mac/RxSwift.framework; sourceTree = "<group>"; };
		696598451DF2A03A00E31E57 /* Yaml.framework */ = {isa = PBXFileReference; lastKnownFileType = wrapper.framework; name = Yaml.framework; path = Carthage/Build/Mac/Yaml.framework; sourceTree = "<group>"; };
		696598471DF2A90200E31E57 /* NSColorExtension.swift */ = {isa = PBXFileReference; fileEncoding = 4; lastKnownFileType = sourcecode.swift; path = NSColorExtension.swift; sourceTree = "<group>"; };
		696598491DF2B55200E31E57 /* ECMainTextView.swift */ = {isa = PBXFileReference; fileEncoding = 4; lastKnownFileType = sourcecode.swift; path = ECMainTextView.swift; sourceTree = "<group>"; };
		6965984B1DF2B7E600E31E57 /* ECSubTextView.swift */ = {isa = PBXFileReference; fileEncoding = 4; lastKnownFileType = sourcecode.swift; path = ECSubTextView.swift; sourceTree = "<group>"; };
		699A033B1D2234CC005A9FE7 /* ec.app */ = {isa = PBXFileReference; explicitFileType = wrapper.application; includeInIndex = 0; path = ec.app; sourceTree = BUILT_PRODUCTS_DIR; };
		699A033E1D2234CC005A9FE7 /* AppDelegate.swift */ = {isa = PBXFileReference; lastKnownFileType = sourcecode.swift; path = AppDelegate.swift; sourceTree = "<group>"; };
		699A03401D2234CC005A9FE7 /* ViewController.swift */ = {isa = PBXFileReference; lastKnownFileType = sourcecode.swift; path = ViewController.swift; sourceTree = "<group>"; };
		699A03421D2234CC005A9FE7 /* Assets.xcassets */ = {isa = PBXFileReference; lastKnownFileType = folder.assetcatalog; path = Assets.xcassets; sourceTree = "<group>"; };
		699A03451D2234CC005A9FE7 /* Base */ = {isa = PBXFileReference; lastKnownFileType = file.storyboard; name = Base; path = Base.lproj/Main.storyboard; sourceTree = "<group>"; };
		699A03471D2234CC005A9FE7 /* Info.plist */ = {isa = PBXFileReference; lastKnownFileType = text.plist.xml; path = Info.plist; sourceTree = "<group>"; };
		699A036F1D24C943005A9FE7 /* ECDocument.swift */ = {isa = PBXFileReference; fileEncoding = 4; lastKnownFileType = sourcecode.swift; path = ECDocument.swift; sourceTree = "<group>"; };
		699A03AA1D250D71005A9FE7 /* Cmd.swift */ = {isa = PBXFileReference; fileEncoding = 4; lastKnownFileType = sourcecode.swift; path = Cmd.swift; sourceTree = "<group>"; };
		699E96651D4DEE31004023C1 /* NSURLExtension.swift */ = {isa = PBXFileReference; fileEncoding = 4; lastKnownFileType = sourcecode.swift; path = NSURLExtension.swift; sourceTree = "<group>"; };
		69AD63881DE5BF95003F844C /* SnapKit.framework */ = {isa = PBXFileReference; lastKnownFileType = wrapper.framework; name = SnapKit.framework; path = Carthage/Build/Mac/SnapKit.framework; sourceTree = "<group>"; };
		69C71EBC1D28AB1B0023A48E /* ECSplitView.swift */ = {isa = PBXFileReference; fileEncoding = 4; lastKnownFileType = sourcecode.swift; name = ECSplitView.swift; path = ../ECSplitView.swift; sourceTree = "<group>"; };
		69C71EC21D2A63C00023A48E /* Preference.storyboard */ = {isa = PBXFileReference; fileEncoding = 4; lastKnownFileType = file.storyboard; path = Preference.storyboard; sourceTree = "<group>"; };
		69C71EC81D2A69BF0023A48E /* PreferenceWindow.swift */ = {isa = PBXFileReference; fileEncoding = 4; lastKnownFileType = sourcecode.swift; path = PreferenceWindow.swift; sourceTree = "<group>"; };
		69C71ECA1D2A6C4B0023A48E /* PreferenceViewController.swift */ = {isa = PBXFileReference; fileEncoding = 4; lastKnownFileType = sourcecode.swift; path = PreferenceViewController.swift; sourceTree = "<group>"; };
		69C71ECC1D2AB9980023A48E /* Preference.swift */ = {isa = PBXFileReference; fileEncoding = 4; lastKnownFileType = sourcecode.swift; path = Preference.swift; sourceTree = "<group>"; };
		69C71ED71D2CA34B0023A48E /* ECTextView.swift */ = {isa = PBXFileReference; fileEncoding = 4; lastKnownFileType = sourcecode.swift; path = ECTextView.swift; sourceTree = "<group>"; };
		69C835F11DF1049B008F6A7F /* ECDocumentController.swift */ = {isa = PBXFileReference; fileEncoding = 4; lastKnownFileType = sourcecode.swift; path = ECDocumentController.swift; sourceTree = "<group>"; };
		69D0B6EA1D256AE7003C04DD /* CmdParser.swift */ = {isa = PBXFileReference; fileEncoding = 4; lastKnownFileType = sourcecode.swift; path = CmdParser.swift; sourceTree = "<group>"; };
		69D0B6EC1D268520003C04DD /* CmdEvaluator.swift */ = {isa = PBXFileReference; fileEncoding = 4; lastKnownFileType = sourcecode.swift; path = CmdEvaluator.swift; sourceTree = "<group>"; };
		69D0B6EE1D269BAC003C04DD /* StringExtension.swift */ = {isa = PBXFileReference; fileEncoding = 4; lastKnownFileType = sourcecode.swift; path = StringExtension.swift; sourceTree = "<group>"; };
		69E58FC91D2D1F6300D8220F /* ec.sdef */ = {isa = PBXFileReference; fileEncoding = 4; lastKnownFileType = text.xml; path = ec.sdef; sourceTree = "<group>"; };
		69E58FCB1D2D229B00D8220F /* ECError.swift */ = {isa = PBXFileReference; fileEncoding = 4; lastKnownFileType = sourcecode.swift; name = ECError.swift; path = ../ECError.swift; sourceTree = "<group>"; };
		69E58FCD1D2EAA5900D8220F /* LineNumberRulerView.swift */ = {isa = PBXFileReference; fileEncoding = 4; lastKnownFileType = sourcecode.swift; path = LineNumberRulerView.swift; sourceTree = "<group>"; };
		69E58FCF1D2EAA7E00D8220F /* CodeTextView.swift */ = {isa = PBXFileReference; fileEncoding = 4; lastKnownFileType = sourcecode.swift; path = CodeTextView.swift; sourceTree = "<group>"; };
		69EA84F91D38FAA5004DEA38 /* Util.swift */ = {isa = PBXFileReference; fileEncoding = 4; lastKnownFileType = sourcecode.swift; path = Util.swift; sourceTree = "<group>"; };
/* End PBXFileReference section */

/* Begin PBXFrameworksBuildPhase section */
		699A03381D2234CC005A9FE7 /* Frameworks */ = {
			isa = PBXFrameworksBuildPhase;
			buildActionMask = 2147483647;
			files = (
				696598461DF2A03A00E31E57 /* Yaml.framework in Frameworks */,
				696598421DF17DDC00E31E57 /* RxBlocking.framework in Frameworks */,
				696598431DF17DDC00E31E57 /* RxCocoa.framework in Frameworks */,
				696598441DF17DDC00E31E57 /* RxSwift.framework in Frameworks */,
				69AD63891DE5BF95003F844C /* SnapKit.framework in Frameworks */,
				69121BBD1DE4154800F39E0B /* Prelude.framework in Frameworks */,
				69121BBE1DE4154800F39E0B /* Either.framework in Frameworks */,
				69121BBF1DE4154800F39E0B /* SwiftParsec.framework in Frameworks */,
			);
			runOnlyForDeploymentPostprocessing = 0;
		};
/* End PBXFrameworksBuildPhase section */

/* Begin PBXGroup section */
		66AAC8186CC6FFFD9346DB85 /* Frameworks */ = {
			isa = PBXGroup;
			children = (
				696598451DF2A03A00E31E57 /* Yaml.framework */,
				6965983F1DF17DDC00E31E57 /* RxBlocking.framework */,
				696598401DF17DDC00E31E57 /* RxCocoa.framework */,
				696598411DF17DDC00E31E57 /* RxSwift.framework */,
				69AD63881DE5BF95003F844C /* SnapKit.framework */,
				69121BBA1DE4154800F39E0B /* Prelude.framework */,
				69121BBB1DE4154800F39E0B /* Either.framework */,
				69121BBC1DE4154800F39E0B /* SwiftParsec.framework */,
			);
			name = Frameworks;
			sourceTree = "<group>";
		};
		690FD13C1D4CD8B2000D58AF /* ExternalCommandView */ = {
			isa = PBXGroup;
			children = (
				690FD13D1D4CD8EE000D58AF /* ExternalCommandView.storyboard */,
				690FD13F1D4CD9E8000D58AF /* ExternalCommandViewController.swift */,
			);
			name = ExternalCommandView;
			sourceTree = "<group>";
		};
		699A03321D2234CC005A9FE7 = {
			isa = PBXGroup;
			children = (
				699A033D1D2234CC005A9FE7 /* ec */,
				699A033C1D2234CC005A9FE7 /* Products */,
				69E58FC81D2D1F3300D8220F /* Resources */,
				66AAC8186CC6FFFD9346DB85 /* Frameworks */,
			);
			sourceTree = "<group>";
		};
		699A033C1D2234CC005A9FE7 /* Products */ = {
			isa = PBXGroup;
			children = (
				699A033B1D2234CC005A9FE7 /* ec.app */,
			);
			name = Products;
			sourceTree = "<group>";
		};
		699A033D1D2234CC005A9FE7 /* ec */ = {
			isa = PBXGroup;
			children = (
				690FD13C1D4CD8B2000D58AF /* ExternalCommandView */,
				69D37BE71D35143C006E4A20 /* ECTextView */,
				69C71EC71D2A69250023A48E /* Util */,
				69C71EC51D2A68F60023A48E /* Cmd */,
				69C71EC41D2A68ED0023A48E /* Preference */,
				699A033E1D2234CC005A9FE7 /* AppDelegate.swift */,
				699A03401D2234CC005A9FE7 /* ViewController.swift */,
				696598491DF2B55200E31E57 /* ECMainTextView.swift */,
				6965984B1DF2B7E600E31E57 /* ECSubTextView.swift */,
				69E58FCB1D2D229B00D8220F /* ECError.swift */,
				69C71EBC1D28AB1B0023A48E /* ECSplitView.swift */,
				69C835F11DF1049B008F6A7F /* ECDocumentController.swift */,
				699A036F1D24C943005A9FE7 /* ECDocument.swift */,
				699A03421D2234CC005A9FE7 /* Assets.xcassets */,
				699A03441D2234CC005A9FE7 /* Main.storyboard */,
				699A03471D2234CC005A9FE7 /* Info.plist */,
			);
			path = ec;
			sourceTree = "<group>";
		};
		69C71EC41D2A68ED0023A48E /* Preference */ = {
			isa = PBXGroup;
			children = (
				69C71EC21D2A63C00023A48E /* Preference.storyboard */,
				69C71EC81D2A69BF0023A48E /* PreferenceWindow.swift */,
				69C71ECA1D2A6C4B0023A48E /* PreferenceViewController.swift */,
				69C71ECC1D2AB9980023A48E /* Preference.swift */,
				691064671D44DDB9002DCFB3 /* PreferenceWindowController.swift */,
			);
			name = Preference;
			sourceTree = "<group>";
		};
		69C71EC51D2A68F60023A48E /* Cmd */ = {
			isa = PBXGroup;
			children = (
				699A03AA1D250D71005A9FE7 /* Cmd.swift */,
				69D0B6EA1D256AE7003C04DD /* CmdParser.swift */,
				69D0B6EC1D268520003C04DD /* CmdEvaluator.swift */,
			);
			name = Cmd;
			sourceTree = "<group>";
		};
		69C71EC71D2A69250023A48E /* Util */ = {
			isa = PBXGroup;
			children = (
				69D0B6EE1D269BAC003C04DD /* StringExtension.swift */,
				6954197F1D30BA360099C34D /* Tagger.swift */,
				69EA84F91D38FAA5004DEA38 /* Util.swift */,
				699E96651D4DEE31004023C1 /* NSURLExtension.swift */,
				69121BC21DE5611B00F39E0B /* CharUtil.swift */,
				696598471DF2A90200E31E57 /* NSColorExtension.swift */,
			);
			name = Util;
			sourceTree = "<group>";
		};
		69D37BE71D35143C006E4A20 /* ECTextView */ = {
			isa = PBXGroup;
			children = (
				69E58FCD1D2EAA5900D8220F /* LineNumberRulerView.swift */,
				69E58FCF1D2EAA7E00D8220F /* CodeTextView.swift */,
				69C71ED71D2CA34B0023A48E /* ECTextView.swift */,
			);
			name = ECTextView;
			sourceTree = "<group>";
		};
		69E58FC81D2D1F3300D8220F /* Resources */ = {
			isa = PBXGroup;
			children = (
				69E58FC91D2D1F6300D8220F /* ec.sdef */,
			);
			name = Resources;
			sourceTree = "<group>";
		};
/* End PBXGroup section */

/* Begin PBXNativeTarget section */
		699A033A1D2234CC005A9FE7 /* ec */ = {
			isa = PBXNativeTarget;
			buildConfigurationList = 699A03601D2234CC005A9FE7 /* Build configuration list for PBXNativeTarget "ec" */;
			buildPhases = (
				699A03371D2234CC005A9FE7 /* Sources */,
				699A03381D2234CC005A9FE7 /* Frameworks */,
				699A03391D2234CC005A9FE7 /* Resources */,
				691AE6E31DE40AFA002FD2FC /* Carthage Copy-Frameworks */,
			);
			buildRules = (
			);
			dependencies = (
			);
			name = ec;
			productName = ec;
			productReference = 699A033B1D2234CC005A9FE7 /* ec.app */;
			productType = "com.apple.product-type.application";
		};
/* End PBXNativeTarget section */

/* Begin PBXProject section */
		699A03331D2234CC005A9FE7 /* Project object */ = {
			isa = PBXProject;
			attributes = {
				LastSwiftUpdateCheck = 0730;
				LastUpgradeCheck = 0810;
				ORGANIZATIONNAME = "十亀眞怜";
				TargetAttributes = {
					699A033A1D2234CC005A9FE7 = {
						CreatedOnToolsVersion = 7.3.1;
						LastSwiftMigration = 0810;
					};
				};
			};
			buildConfigurationList = 699A03361D2234CC005A9FE7 /* Build configuration list for PBXProject "ec" */;
			compatibilityVersion = "Xcode 3.2";
			developmentRegion = English;
			hasScannedForEncodings = 0;
			knownRegions = (
				en,
				Base,
			);
			mainGroup = 699A03321D2234CC005A9FE7;
			productRefGroup = 699A033C1D2234CC005A9FE7 /* Products */;
			projectDirPath = "";
			projectRoot = "";
			targets = (
				699A033A1D2234CC005A9FE7 /* ec */,
			);
		};
/* End PBXProject section */

/* Begin PBXResourcesBuildPhase section */
		699A03391D2234CC005A9FE7 /* Resources */ = {
			isa = PBXResourcesBuildPhase;
			buildActionMask = 2147483647;
			files = (
				699A03431D2234CC005A9FE7 /* Assets.xcassets in Resources */,
				699A03461D2234CC005A9FE7 /* Main.storyboard in Resources */,
				69C71EC31D2A63C00023A48E /* Preference.storyboard in Resources */,
				69E58FCA1D2D1F6400D8220F /* ec.sdef in Resources */,
				690FD13E1D4CD8EE000D58AF /* ExternalCommandView.storyboard in Resources */,
			);
			runOnlyForDeploymentPostprocessing = 0;
		};
/* End PBXResourcesBuildPhase section */

/* Begin PBXShellScriptBuildPhase section */
		691AE6E31DE40AFA002FD2FC /* Carthage Copy-Frameworks */ = {
			isa = PBXShellScriptBuildPhase;
			buildActionMask = 2147483647;
			files = (
			);
			inputPaths = (
				"$(SRCROOT)/Carthage/Build/Mac/Either.framework",
				"$(SRCROOT)/Carthage/Build/Mac/Prelude.framework",
				"$(SRCROOT)/Carthage/Build/Mac/SwiftParsec.framework",
				"$(SRCROOT)/Carthage/Build/Mac/SnapKit.framework",
				"$(SRCROOT)/Carthage/Build/Mac/RxBlocking.framework",
				"$(SRCROOT)/Carthage/Build/Mac/RxCocoa.framework",
				"$(SRCROOT)/Carthage/Build/Mac/RxSwift.framework",
				"$(SRCROOT)/Carthage/Build/Mac/Yaml.framework",
			);
			name = "Carthage Copy-Frameworks";
			outputPaths = (
			);
			runOnlyForDeploymentPostprocessing = 0;
			shellPath = /bin/sh;
			shellScript = "/usr/local/bin/carthage copy-frameworks";
		};
/* End PBXShellScriptBuildPhase section */

/* Begin PBXSourcesBuildPhase section */
		699A03371D2234CC005A9FE7 /* Sources */ = {
			isa = PBXSourcesBuildPhase;
			buildActionMask = 2147483647;
			files = (
				69C71ECD1D2AB9980023A48E /* Preference.swift in Sources */,
				695419801D30BA360099C34D /* Tagger.swift in Sources */,
				699A03411D2234CC005A9FE7 /* ViewController.swift in Sources */,
				699A03701D24C943005A9FE7 /* ECDocument.swift in Sources */,
				6965984A1DF2B55200E31E57 /* ECMainTextView.swift in Sources */,
				699A033F1D2234CC005A9FE7 /* AppDelegate.swift in Sources */,
				69C71EC91D2A69BF0023A48E /* PreferenceWindow.swift in Sources */,
				69E58FD01D2EAA7E00D8220F /* CodeTextView.swift in Sources */,
				69121BC31DE5611B00F39E0B /* CharUtil.swift in Sources */,
				696598481DF2A90200E31E57 /* NSColorExtension.swift in Sources */,
				69D0B6ED1D268520003C04DD /* CmdEvaluator.swift in Sources */,
				69EA84FA1D38FAA5004DEA38 /* Util.swift in Sources */,
				69C835F21DF1049B008F6A7F /* ECDocumentController.swift in Sources */,
				69C71ED81D2CA34B0023A48E /* ECTextView.swift in Sources */,
				69D0B6EF1D269BAC003C04DD /* StringExtension.swift in Sources */,
				69E58FCC1D2D229B00D8220F /* ECError.swift in Sources */,
				699A03AB1D250D71005A9FE7 /* Cmd.swift in Sources */,
				69C71ECB1D2A6C4B0023A48E /* PreferenceViewController.swift in Sources */,
				69E58FCE1D2EAA5900D8220F /* LineNumberRulerView.swift in Sources */,
				69D0B6EB1D256AE7003C04DD /* CmdParser.swift in Sources */,
				691064681D44DDB9002DCFB3 /* PreferenceWindowController.swift in Sources */,
				69C71EBD1D28AB1B0023A48E /* ECSplitView.swift in Sources */,
				699E96661D4DEE31004023C1 /* NSURLExtension.swift in Sources */,
				6965984C1DF2B7E600E31E57 /* ECSubTextView.swift in Sources */,
				690FD1401D4CD9E8000D58AF /* ExternalCommandViewController.swift in Sources */,
			);
			runOnlyForDeploymentPostprocessing = 0;
		};
/* End PBXSourcesBuildPhase section */

/* Begin PBXVariantGroup section */
		699A03441D2234CC005A9FE7 /* Main.storyboard */ = {
			isa = PBXVariantGroup;
			children = (
				699A03451D2234CC005A9FE7 /* Base */,
			);
			name = Main.storyboard;
			sourceTree = "<group>";
		};
/* End PBXVariantGroup section */

/* Begin XCBuildConfiguration section */
		699A035E1D2234CC005A9FE7 /* Debug */ = {
			isa = XCBuildConfiguration;
			buildSettings = {
				ALWAYS_SEARCH_USER_PATHS = NO;
				CLANG_ANALYZER_NONNULL = YES;
				CLANG_CXX_LANGUAGE_STANDARD = "gnu++0x";
				CLANG_CXX_LIBRARY = "libc++";
				CLANG_ENABLE_MODULES = YES;
				CLANG_ENABLE_OBJC_ARC = YES;
				CLANG_WARN_BOOL_CONVERSION = YES;
				CLANG_WARN_CONSTANT_CONVERSION = YES;
				CLANG_WARN_DIRECT_OBJC_ISA_USAGE = YES_ERROR;
				CLANG_WARN_EMPTY_BODY = YES;
				CLANG_WARN_ENUM_CONVERSION = YES;
				CLANG_WARN_INFINITE_RECURSION = YES;
				CLANG_WARN_INT_CONVERSION = YES;
				CLANG_WARN_OBJC_ROOT_CLASS = YES_ERROR;
				CLANG_WARN_SUSPICIOUS_MOVE = YES;
				CLANG_WARN_UNREACHABLE_CODE = YES;
				CLANG_WARN__DUPLICATE_METHOD_MATCH = YES;
				CODE_SIGN_IDENTITY = "-";
				COPY_PHASE_STRIP = NO;
				DEBUG_INFORMATION_FORMAT = dwarf;
				ENABLE_STRICT_OBJC_MSGSEND = YES;
				ENABLE_TESTABILITY = YES;
				GCC_C_LANGUAGE_STANDARD = gnu99;
				GCC_DYNAMIC_NO_PIC = NO;
				GCC_NO_COMMON_BLOCKS = YES;
				GCC_OPTIMIZATION_LEVEL = 0;
				GCC_PREPROCESSOR_DEFINITIONS = (
					"DEBUG=1",
					"$(inherited)",
				);
				GCC_WARN_64_TO_32_BIT_CONVERSION = YES;
				GCC_WARN_ABOUT_RETURN_TYPE = YES_ERROR;
				GCC_WARN_UNDECLARED_SELECTOR = YES;
				GCC_WARN_UNINITIALIZED_AUTOS = YES_AGGRESSIVE;
				GCC_WARN_UNUSED_FUNCTION = YES;
				GCC_WARN_UNUSED_VARIABLE = YES;
				MACOSX_DEPLOYMENT_TARGET = 10.11;
				MTL_ENABLE_DEBUG_INFO = YES;
				ONLY_ACTIVE_ARCH = YES;
				SDKROOT = macosx;
				SWIFT_OPTIMIZATION_LEVEL = "-Onone";
			};
			name = Debug;
		};
		699A035F1D2234CC005A9FE7 /* Release */ = {
			isa = XCBuildConfiguration;
			buildSettings = {
				ALWAYS_SEARCH_USER_PATHS = NO;
				CLANG_ANALYZER_NONNULL = YES;
				CLANG_CXX_LANGUAGE_STANDARD = "gnu++0x";
				CLANG_CXX_LIBRARY = "libc++";
				CLANG_ENABLE_MODULES = YES;
				CLANG_ENABLE_OBJC_ARC = YES;
				CLANG_WARN_BOOL_CONVERSION = YES;
				CLANG_WARN_CONSTANT_CONVERSION = YES;
				CLANG_WARN_DIRECT_OBJC_ISA_USAGE = YES_ERROR;
				CLANG_WARN_EMPTY_BODY = YES;
				CLANG_WARN_ENUM_CONVERSION = YES;
				CLANG_WARN_INFINITE_RECURSION = YES;
				CLANG_WARN_INT_CONVERSION = YES;
				CLANG_WARN_OBJC_ROOT_CLASS = YES_ERROR;
				CLANG_WARN_SUSPICIOUS_MOVE = YES;
				CLANG_WARN_UNREACHABLE_CODE = YES;
				CLANG_WARN__DUPLICATE_METHOD_MATCH = YES;
				CODE_SIGN_IDENTITY = "-";
				COPY_PHASE_STRIP = NO;
				DEBUG_INFORMATION_FORMAT = "dwarf-with-dsym";
				ENABLE_NS_ASSERTIONS = NO;
				ENABLE_STRICT_OBJC_MSGSEND = YES;
				GCC_C_LANGUAGE_STANDARD = gnu99;
				GCC_NO_COMMON_BLOCKS = YES;
				GCC_WARN_64_TO_32_BIT_CONVERSION = YES;
				GCC_WARN_ABOUT_RETURN_TYPE = YES_ERROR;
				GCC_WARN_UNDECLARED_SELECTOR = YES;
				GCC_WARN_UNINITIALIZED_AUTOS = YES_AGGRESSIVE;
				GCC_WARN_UNUSED_FUNCTION = YES;
				GCC_WARN_UNUSED_VARIABLE = YES;
				MACOSX_DEPLOYMENT_TARGET = 10.11;
				MTL_ENABLE_DEBUG_INFO = NO;
				SDKROOT = macosx;
				SWIFT_OPTIMIZATION_LEVEL = "-Owholemodule";
			};
			name = Release;
		};
		699A03611D2234CC005A9FE7 /* Debug */ = {
			isa = XCBuildConfiguration;
			buildSettings = {
				ASSETCATALOG_COMPILER_APPICON_NAME = AppIcon;
				COMBINE_HIDPI_IMAGES = YES;
				FRAMEWORK_SEARCH_PATHS = (
					"$(inherited)",
					"$(PROJECT_DIR)",
					"$(PROJECT_DIR)/Carthage/Build/Mac",
				);
				INFOPLIST_FILE = ec/Info.plist;
				LD_RUNPATH_SEARCH_PATHS = "$(inherited) @executable_path/../Frameworks @loader_path/../Frameworks";
				PRODUCT_BUNDLE_IDENTIFIER = jp.poketo7878.ec;
				PRODUCT_NAME = "$(TARGET_NAME)";
				SWIFT_VERSION = 3.0;
			};
			name = Debug;
		};
		699A03621D2234CC005A9FE7 /* Release */ = {
			isa = XCBuildConfiguration;
			buildSettings = {
				ASSETCATALOG_COMPILER_APPICON_NAME = AppIcon;
				COMBINE_HIDPI_IMAGES = YES;
				FRAMEWORK_SEARCH_PATHS = (
					"$(inherited)",
					"$(PROJECT_DIR)",
					"$(PROJECT_DIR)/Carthage/Build/Mac",
				);
				INFOPLIST_FILE = ec/Info.plist;
				LD_RUNPATH_SEARCH_PATHS = "$(inherited) @executable_path/../Frameworks @loader_path/../Frameworks";
				PRODUCT_BUNDLE_IDENTIFIER = jp.poketo7878.ec;
				PRODUCT_NAME = "$(TARGET_NAME)";
				SWIFT_VERSION = 3.0;
			};
			name = Release;
		};
/* End XCBuildConfiguration section */

/* Begin XCConfigurationList section */
		699A03361D2234CC005A9FE7 /* Build configuration list for PBXProject "ec" */ = {
			isa = XCConfigurationList;
			buildConfigurations = (
				699A035E1D2234CC005A9FE7 /* Debug */,
				699A035F1D2234CC005A9FE7 /* Release */,
			);
			defaultConfigurationIsVisible = 0;
			defaultConfigurationName = Release;
		};
		699A03601D2234CC005A9FE7 /* Build configuration list for PBXNativeTarget "ec" */ = {
			isa = XCConfigurationList;
			buildConfigurations = (
				699A03611D2234CC005A9FE7 /* Debug */,
				699A03621D2234CC005A9FE7 /* Release */,
			);
			defaultConfigurationIsVisible = 0;
			defaultConfigurationName = Release;
		};
/* End XCConfigurationList section */
	};
	rootObject = 699A03331D2234CC005A9FE7 /* Project object */;
}
